
Microsoft Visual Studio Solution File, Format Version 12.00
# Visual Studio 2012
Project("{FAE04EC0-301F-11D3-BF4B-00C04F79EFBC}") = "Dynamic", "Dynamic\Dynamic.csproj", "{96ABE501-515F-4759-B4C8-A89235E6EF11}"
EndProject
Project("{FAE04EC0-301F-11D3-BF4B-00C04F79EFBC}") = "NotPropChanged", "NotPropChanged\NotPropChanged.csproj", "{0A150184-7C94-4DAB-ABF6-CE63323B3984}"
EndProject
Project("{FAE04EC0-301F-11D3-BF4B-00C04F79EFBC}") = "ExtensionMethods", "ExtensionMethods\ExtensionMethods.csproj", "{1DBB9C6D-9D37-4C6E-B1F9-4B9F7E8AE82C}"
EndProject
Project("{FAE04EC0-301F-11D3-BF4B-00C04F79EFBC}") = "NotPropChangedIL", "NotPropChangedIL\NotPropChangedIL.csproj", "{30626E96-C7F9-49FB-8550-F0A12BD99E83}"
EndProject
Project("{FAE04EC0-301F-11D3-BF4B-00C04F79EFBC}") = "Lazy", "Lazy\Lazy.csproj", "{51350B23-EA2C-46BF-8CF8-273C09A5FF28}"
EndProject
Project("{FAE04EC0-301F-11D3-BF4B-00C04F79EFBC}") = "TaskStuff", "TaskStuff\TaskStuff.csproj", "{FF915CE7-FC02-42FF-A528-CD382547AA0B}"
EndProject
Project("{FAE04EC0-301F-11D3-BF4B-00C04F79EFBC}") = "AutofacChain", "AutofacChain\AutofacChain.csproj", "{F5EDBCD0-6B5F-4E86-B619-A851A4006A08}"
EndProject
Project("{FAE04EC0-301F-11D3-BF4B-00C04F79EFBC}") = "Covariance", "Covariance\Covariance.csproj", "{A44ED5D1-0CC3-401D-A9D0-3D469384D0FA}"
EndProject
Project("{FAE04EC0-301F-11D3-BF4B-00C04F79EFBC}") = "Yield", "Yield\Yield.csproj", "{C799CEC3-7FEF-404A-B01B-0C620BAB98FD}"
EndProject
Project("{FAE04EC0-301F-11D3-BF4B-00C04F79EFBC}") = "Operators", "Operators\Operators.csproj", "{1878FA40-B289-45DA-977C-89A70179494F}"
EndProject
Project("{FAE04EC0-301F-11D3-BF4B-00C04F79EFBC}") = "Expressions", "Expressions\Expressions.csproj", "{FA06E52C-1D89-4CC5-B874-80359E94701B}"
EndProject
Project("{FAE04EC0-301F-11D3-BF4B-00C04F79EFBC}") = "Dandelion.Factory", "..\Dandelion.Factory\Dandelion.Factory.csproj", "{B51C89BB-F797-4B48-80B2-087A8323AE87}"
EndProject
Project("{FAE04EC0-301F-11D3-BF4B-00C04F79EFBC}") = "FuncStuff", "FuncStuff\FuncStuff.csproj", "{43AE8AE4-5ECD-41F0-8AD4-9F4F092F7EAE}"
EndProject
Project("{FAE04EC0-301F-11D3-BF4B-00C04F79EFBC}") = "LastClickedControl", "LastClickedControl\LastClickedControl.csproj", "{A67BD1E7-4BF3-4B28-ACD0-AFC364F67CBB}"
EndProject
Project("{FAE04EC0-301F-11D3-BF4B-00C04F79EFBC}") = "T4", "T4\T4.csproj", "{D137C3D8-4356-4253-AF49-9A5636C6B636}"
EndProject
Global
	GlobalSection(SolutionConfigurationPlatforms) = preSolution
		Debug|Any CPU = Debug|Any CPU
		Debug|ARM = Debug|ARM
		Debug|Mixed Platforms = Debug|Mixed Platforms
		Debug|x64 = Debug|x64
		Debug|x86 = Debug|x86
		Release|Any CPU = Release|Any CPU
		Release|ARM = Release|ARM
		Release|Mixed Platforms = Release|Mixed Platforms
		Release|x64 = Release|x64
		Release|x86 = Release|x86
	EndGlobalSection
	GlobalSection(ProjectConfigurationPlatforms) = postSolution
		{96ABE501-515F-4759-B4C8-A89235E6EF11}.Debug|Any CPU.ActiveCfg = Debug|Any CPU
		{96ABE501-515F-4759-B4C8-A89235E6EF11}.Debug|Any CPU.Build.0 = Debug|Any CPU
		{96ABE501-515F-4759-B4C8-A89235E6EF11}.Debug|ARM.ActiveCfg = Debug|Any CPU
		{96ABE501-515F-4759-B4C8-A89235E6EF11}.Debug|Mixed Platforms.ActiveCfg = Debug|Any CPU
		{96ABE501-515F-4759-B4C8-A89235E6EF11}.Debug|Mixed Platforms.Build.0 = Debug|Any CPU
		{96ABE501-515F-4759-B4C8-A89235E6EF11}.Debug|x64.ActiveCfg = Debug|Any CPU
		{96ABE501-515F-4759-B4C8-A89235E6EF11}.Debug|x86.ActiveCfg = Debug|Any CPU
		{96ABE501-515F-4759-B4C8-A89235E6EF11}.Release|Any CPU.ActiveCfg = Release|Any CPU
		{96ABE501-515F-4759-B4C8-A89235E6EF11}.Release|Any CPU.Build.0 = Release|Any CPU
		{96ABE501-515F-4759-B4C8-A89235E6EF11}.Release|ARM.ActiveCfg = Release|Any CPU
		{96ABE501-515F-4759-B4C8-A89235E6EF11}.Release|Mixed Platforms.ActiveCfg = Release|Any CPU
		{96ABE501-515F-4759-B4C8-A89235E6EF11}.Release|Mixed Platforms.Build.0 = Release|Any CPU
		{96ABE501-515F-4759-B4C8-A89235E6EF11}.Release|x64.ActiveCfg = Release|Any CPU
		{96ABE501-515F-4759-B4C8-A89235E6EF11}.Release|x86.ActiveCfg = Release|Any CPU
		{0A150184-7C94-4DAB-ABF6-CE63323B3984}.Debug|Any CPU.ActiveCfg = Debug|Any CPU
		{0A150184-7C94-4DAB-ABF6-CE63323B3984}.Debug|Any CPU.Build.0 = Debug|Any CPU
		{0A150184-7C94-4DAB-ABF6-CE63323B3984}.Debug|Any CPU.Deploy.0 = Debug|Any CPU
		{0A150184-7C94-4DAB-ABF6-CE63323B3984}.Debug|ARM.ActiveCfg = Debug|ARM
		{0A150184-7C94-4DAB-ABF6-CE63323B3984}.Debug|ARM.Build.0 = Debug|ARM
		{0A150184-7C94-4DAB-ABF6-CE63323B3984}.Debug|ARM.Deploy.0 = Debug|ARM
		{0A150184-7C94-4DAB-ABF6-CE63323B3984}.Debug|Mixed Platforms.ActiveCfg = Debug|x86
		{0A150184-7C94-4DAB-ABF6-CE63323B3984}.Debug|Mixed Platforms.Build.0 = Debug|x86
		{0A150184-7C94-4DAB-ABF6-CE63323B3984}.Debug|Mixed Platforms.Deploy.0 = Debug|x86
		{0A150184-7C94-4DAB-ABF6-CE63323B3984}.Debug|x64.ActiveCfg = Debug|x64
		{0A150184-7C94-4DAB-ABF6-CE63323B3984}.Debug|x64.Build.0 = Debug|x64
		{0A150184-7C94-4DAB-ABF6-CE63323B3984}.Debug|x64.Deploy.0 = Debug|x64
		{0A150184-7C94-4DAB-ABF6-CE63323B3984}.Debug|x86.ActiveCfg = Debug|x86
		{0A150184-7C94-4DAB-ABF6-CE63323B3984}.Debug|x86.Build.0 = Debug|x86
		{0A150184-7C94-4DAB-ABF6-CE63323B3984}.Debug|x86.Deploy.0 = Debug|x86
		{0A150184-7C94-4DAB-ABF6-CE63323B3984}.Release|Any CPU.ActiveCfg = Release|Any CPU
		{0A150184-7C94-4DAB-ABF6-CE63323B3984}.Release|Any CPU.Build.0 = Release|Any CPU
		{0A150184-7C94-4DAB-ABF6-CE63323B3984}.Release|Any CPU.Deploy.0 = Release|Any CPU
		{0A150184-7C94-4DAB-ABF6-CE63323B3984}.Release|ARM.ActiveCfg = Release|ARM
		{0A150184-7C94-4DAB-ABF6-CE63323B3984}.Release|ARM.Build.0 = Release|ARM
		{0A150184-7C94-4DAB-ABF6-CE63323B3984}.Release|ARM.Deploy.0 = Release|ARM
		{0A150184-7C94-4DAB-ABF6-CE63323B3984}.Release|Mixed Platforms.ActiveCfg = Release|x86
		{0A150184-7C94-4DAB-ABF6-CE63323B3984}.Release|Mixed Platforms.Build.0 = Release|x86
		{0A150184-7C94-4DAB-ABF6-CE63323B3984}.Release|Mixed Platforms.Deploy.0 = Release|x86
		{0A150184-7C94-4DAB-ABF6-CE63323B3984}.Release|x64.ActiveCfg = Release|x64
		{0A150184-7C94-4DAB-ABF6-CE63323B3984}.Release|x64.Build.0 = Release|x64
		{0A150184-7C94-4DAB-ABF6-CE63323B3984}.Release|x64.Deploy.0 = Release|x64
		{0A150184-7C94-4DAB-ABF6-CE63323B3984}.Release|x86.ActiveCfg = Release|x86
		{0A150184-7C94-4DAB-ABF6-CE63323B3984}.Release|x86.Build.0 = Release|x86
		{0A150184-7C94-4DAB-ABF6-CE63323B3984}.Release|x86.Deploy.0 = Release|x86
		{1DBB9C6D-9D37-4C6E-B1F9-4B9F7E8AE82C}.Debug|Any CPU.ActiveCfg = Debug|Any CPU
		{1DBB9C6D-9D37-4C6E-B1F9-4B9F7E8AE82C}.Debug|Any CPU.Build.0 = Debug|Any CPU
		{1DBB9C6D-9D37-4C6E-B1F9-4B9F7E8AE82C}.Debug|ARM.ActiveCfg = Debug|Any CPU
		{1DBB9C6D-9D37-4C6E-B1F9-4B9F7E8AE82C}.Debug|Mixed Platforms.ActiveCfg = Debug|Any CPU
		{1DBB9C6D-9D37-4C6E-B1F9-4B9F7E8AE82C}.Debug|Mixed Platforms.Build.0 = Debug|Any CPU
		{1DBB9C6D-9D37-4C6E-B1F9-4B9F7E8AE82C}.Debug|x64.ActiveCfg = Debug|Any CPU
		{1DBB9C6D-9D37-4C6E-B1F9-4B9F7E8AE82C}.Debug|x86.ActiveCfg = Debug|Any CPU
		{1DBB9C6D-9D37-4C6E-B1F9-4B9F7E8AE82C}.Release|Any CPU.ActiveCfg = Release|Any CPU
		{1DBB9C6D-9D37-4C6E-B1F9-4B9F7E8AE82C}.Release|Any CPU.Build.0 = Release|Any CPU
		{1DBB9C6D-9D37-4C6E-B1F9-4B9F7E8AE82C}.Release|ARM.ActiveCfg = Release|Any CPU
		{1DBB9C6D-9D37-4C6E-B1F9-4B9F7E8AE82C}.Release|Mixed Platforms.ActiveCfg = Release|Any CPU
		{1DBB9C6D-9D37-4C6E-B1F9-4B9F7E8AE82C}.Release|Mixed Platforms.Build.0 = Release|Any CPU
		{1DBB9C6D-9D37-4C6E-B1F9-4B9F7E8AE82C}.Release|x64.ActiveCfg = Release|Any CPU
		{1DBB9C6D-9D37-4C6E-B1F9-4B9F7E8AE82C}.Release|x86.ActiveCfg = Release|Any CPU
		{30626E96-C7F9-49FB-8550-F0A12BD99E83}.Debug|Any CPU.ActiveCfg = Debug|Any CPU
		{30626E96-C7F9-49FB-8550-F0A12BD99E83}.Debug|Any CPU.Build.0 = Debug|Any CPU
		{30626E96-C7F9-49FB-8550-F0A12BD99E83}.Debug|Any CPU.Deploy.0 = Debug|Any CPU
		{30626E96-C7F9-49FB-8550-F0A12BD99E83}.Debug|ARM.ActiveCfg = Debug|ARM
		{30626E96-C7F9-49FB-8550-F0A12BD99E83}.Debug|ARM.Build.0 = Debug|ARM
		{30626E96-C7F9-49FB-8550-F0A12BD99E83}.Debug|ARM.Deploy.0 = Debug|ARM
		{30626E96-C7F9-49FB-8550-F0A12BD99E83}.Debug|Mixed Platforms.ActiveCfg = Debug|x86
		{30626E96-C7F9-49FB-8550-F0A12BD99E83}.Debug|Mixed Platforms.Build.0 = Debug|x86
		{30626E96-C7F9-49FB-8550-F0A12BD99E83}.Debug|Mixed Platforms.Deploy.0 = Debug|x86
		{30626E96-C7F9-49FB-8550-F0A12BD99E83}.Debug|x64.ActiveCfg = Debug|x64
		{30626E96-C7F9-49FB-8550-F0A12BD99E83}.Debug|x64.Build.0 = Debug|x64
		{30626E96-C7F9-49FB-8550-F0A12BD99E83}.Debug|x64.Deploy.0 = Debug|x64
		{30626E96-C7F9-49FB-8550-F0A12BD99E83}.Debug|x86.ActiveCfg = Debug|x86
		{30626E96-C7F9-49FB-8550-F0A12BD99E83}.Debug|x86.Build.0 = Debug|x86
		{30626E96-C7F9-49FB-8550-F0A12BD99E83}.Debug|x86.Deploy.0 = Debug|x86
		{30626E96-C7F9-49FB-8550-F0A12BD99E83}.Release|Any CPU.ActiveCfg = Release|Any CPU
		{30626E96-C7F9-49FB-8550-F0A12BD99E83}.Release|Any CPU.Build.0 = Release|Any CPU
		{30626E96-C7F9-49FB-8550-F0A12BD99E83}.Release|Any CPU.Deploy.0 = Release|Any CPU
		{30626E96-C7F9-49FB-8550-F0A12BD99E83}.Release|ARM.ActiveCfg = Release|ARM
		{30626E96-C7F9-49FB-8550-F0A12BD99E83}.Release|ARM.Build.0 = Release|ARM
		{30626E96-C7F9-49FB-8550-F0A12BD99E83}.Release|ARM.Deploy.0 = Release|ARM
		{30626E96-C7F9-49FB-8550-F0A12BD99E83}.Release|Mixed Platforms.ActiveCfg = Release|x86
		{30626E96-C7F9-49FB-8550-F0A12BD99E83}.Release|Mixed Platforms.Build.0 = Release|x86
		{30626E96-C7F9-49FB-8550-F0A12BD99E83}.Release|Mixed Platforms.Deploy.0 = Release|x86
		{30626E96-C7F9-49FB-8550-F0A12BD99E83}.Release|x64.ActiveCfg = Release|x64
		{30626E96-C7F9-49FB-8550-F0A12BD99E83}.Release|x64.Build.0 = Release|x64
		{30626E96-C7F9-49FB-8550-F0A12BD99E83}.Release|x64.Deploy.0 = Release|x64
		{30626E96-C7F9-49FB-8550-F0A12BD99E83}.Release|x86.ActiveCfg = Release|x86
		{30626E96-C7F9-49FB-8550-F0A12BD99E83}.Release|x86.Build.0 = Release|x86
		{30626E96-C7F9-49FB-8550-F0A12BD99E83}.Release|x86.Deploy.0 = Release|x86
		{51350B23-EA2C-46BF-8CF8-273C09A5FF28}.Debug|Any CPU.ActiveCfg = Debug|Any CPU
		{51350B23-EA2C-46BF-8CF8-273C09A5FF28}.Debug|Any CPU.Build.0 = Debug|Any CPU
		{51350B23-EA2C-46BF-8CF8-273C09A5FF28}.Debug|ARM.ActiveCfg = Debug|Any CPU
		{51350B23-EA2C-46BF-8CF8-273C09A5FF28}.Debug|Mixed Platforms.ActiveCfg = Debug|Any CPU
		{51350B23-EA2C-46BF-8CF8-273C09A5FF28}.Debug|Mixed Platforms.Build.0 = Debug|Any CPU
		{51350B23-EA2C-46BF-8CF8-273C09A5FF28}.Debug|x64.ActiveCfg = Debug|Any CPU
		{51350B23-EA2C-46BF-8CF8-273C09A5FF28}.Debug|x86.ActiveCfg = Debug|Any CPU
		{51350B23-EA2C-46BF-8CF8-273C09A5FF28}.Release|Any CPU.ActiveCfg = Release|Any CPU
		{51350B23-EA2C-46BF-8CF8-273C09A5FF28}.Release|Any CPU.Build.0 = Release|Any CPU
		{51350B23-EA2C-46BF-8CF8-273C09A5FF28}.Release|ARM.ActiveCfg = Release|Any CPU
		{51350B23-EA2C-46BF-8CF8-273C09A5FF28}.Release|Mixed Platforms.ActiveCfg = Release|Any CPU
		{51350B23-EA2C-46BF-8CF8-273C09A5FF28}.Release|Mixed Platforms.Build.0 = Release|Any CPU
		{51350B23-EA2C-46BF-8CF8-273C09A5FF28}.Release|x64.ActiveCfg = Release|Any CPU
		{51350B23-EA2C-46BF-8CF8-273C09A5FF28}.Release|x86.ActiveCfg = Release|Any CPU
		{FF915CE7-FC02-42FF-A528-CD382547AA0B}.Debug|Any CPU.ActiveCfg = Debug|Any CPU
		{FF915CE7-FC02-42FF-A528-CD382547AA0B}.Debug|Any CPU.Build.0 = Debug|Any CPU
		{FF915CE7-FC02-42FF-A528-CD382547AA0B}.Debug|ARM.ActiveCfg = Debug|Any CPU
		{FF915CE7-FC02-42FF-A528-CD382547AA0B}.Debug|Mixed Platforms.ActiveCfg = Debug|Any CPU
		{FF915CE7-FC02-42FF-A528-CD382547AA0B}.Debug|Mixed Platforms.Build.0 = Debug|Any CPU
		{FF915CE7-FC02-42FF-A528-CD382547AA0B}.Debug|x64.ActiveCfg = Debug|Any CPU
		{FF915CE7-FC02-42FF-A528-CD382547AA0B}.Debug|x86.ActiveCfg = Debug|Any CPU
		{FF915CE7-FC02-42FF-A528-CD382547AA0B}.Release|Any CPU.ActiveCfg = Release|Any CPU
		{FF915CE7-FC02-42FF-A528-CD382547AA0B}.Release|Any CPU.Build.0 = Release|Any CPU
		{FF915CE7-FC02-42FF-A528-CD382547AA0B}.Release|ARM.ActiveCfg = Release|Any CPU
		{FF915CE7-FC02-42FF-A528-CD382547AA0B}.Release|Mixed Platforms.ActiveCfg = Release|Any CPU
		{FF915CE7-FC02-42FF-A528-CD382547AA0B}.Release|Mixed Platforms.Build.0 = Release|Any CPU
		{FF915CE7-FC02-42FF-A528-CD382547AA0B}.Release|x64.ActiveCfg = Release|Any CPU
		{FF915CE7-FC02-42FF-A528-CD382547AA0B}.Release|x86.ActiveCfg = Release|Any CPU
		{F5EDBCD0-6B5F-4E86-B619-A851A4006A08}.Debug|Any CPU.ActiveCfg = Debug|Any CPU
		{F5EDBCD0-6B5F-4E86-B619-A851A4006A08}.Debug|Any CPU.Build.0 = Debug|Any CPU
		{F5EDBCD0-6B5F-4E86-B619-A851A4006A08}.Debug|ARM.ActiveCfg = Debug|Any CPU
		{F5EDBCD0-6B5F-4E86-B619-A851A4006A08}.Debug|Mixed Platforms.ActiveCfg = Debug|Any CPU
		{F5EDBCD0-6B5F-4E86-B619-A851A4006A08}.Debug|Mixed Platforms.Build.0 = Debug|Any CPU
		{F5EDBCD0-6B5F-4E86-B619-A851A4006A08}.Debug|x64.ActiveCfg = Debug|Any CPU
		{F5EDBCD0-6B5F-4E86-B619-A851A4006A08}.Debug|x86.ActiveCfg = Debug|Any CPU
		{F5EDBCD0-6B5F-4E86-B619-A851A4006A08}.Release|Any CPU.ActiveCfg = Release|Any CPU
		{F5EDBCD0-6B5F-4E86-B619-A851A4006A08}.Release|Any CPU.Build.0 = Release|Any CPU
		{F5EDBCD0-6B5F-4E86-B619-A851A4006A08}.Release|ARM.ActiveCfg = Release|Any CPU
		{F5EDBCD0-6B5F-4E86-B619-A851A4006A08}.Release|Mixed Platforms.ActiveCfg = Release|Any CPU
		{F5EDBCD0-6B5F-4E86-B619-A851A4006A08}.Release|Mixed Platforms.Build.0 = Release|Any CPU
		{F5EDBCD0-6B5F-4E86-B619-A851A4006A08}.Release|x64.ActiveCfg = Release|Any CPU
		{F5EDBCD0-6B5F-4E86-B619-A851A4006A08}.Release|x86.ActiveCfg = Release|Any CPU
		{A44ED5D1-0CC3-401D-A9D0-3D469384D0FA}.Debug|Any CPU.ActiveCfg = Debug|Any CPU
		{A44ED5D1-0CC3-401D-A9D0-3D469384D0FA}.Debug|Any CPU.Build.0 = Debug|Any CPU
		{A44ED5D1-0CC3-401D-A9D0-3D469384D0FA}.Debug|ARM.ActiveCfg = Debug|Any CPU
		{A44ED5D1-0CC3-401D-A9D0-3D469384D0FA}.Debug|Mixed Platforms.ActiveCfg = Debug|Any CPU
		{A44ED5D1-0CC3-401D-A9D0-3D469384D0FA}.Debug|Mixed Platforms.Build.0 = Debug|Any CPU
		{A44ED5D1-0CC3-401D-A9D0-3D469384D0FA}.Debug|x64.ActiveCfg = Debug|Any CPU
		{A44ED5D1-0CC3-401D-A9D0-3D469384D0FA}.Debug|x86.ActiveCfg = Debug|Any CPU
		{A44ED5D1-0CC3-401D-A9D0-3D469384D0FA}.Release|Any CPU.ActiveCfg = Release|Any CPU
		{A44ED5D1-0CC3-401D-A9D0-3D469384D0FA}.Release|Any CPU.Build.0 = Release|Any CPU
		{A44ED5D1-0CC3-401D-A9D0-3D469384D0FA}.Release|ARM.ActiveCfg = Release|Any CPU
		{A44ED5D1-0CC3-401D-A9D0-3D469384D0FA}.Release|Mixed Platforms.ActiveCfg = Release|Any CPU
		{A44ED5D1-0CC3-401D-A9D0-3D469384D0FA}.Release|Mixed Platforms.Build.0 = Release|Any CPU
		{A44ED5D1-0CC3-401D-A9D0-3D469384D0FA}.Release|x64.ActiveCfg = Release|Any CPU
		{A44ED5D1-0CC3-401D-A9D0-3D469384D0FA}.Release|x86.ActiveCfg = Release|Any CPU
		{C799CEC3-7FEF-404A-B01B-0C620BAB98FD}.Debug|Any CPU.ActiveCfg = Debug|Any CPU
		{C799CEC3-7FEF-404A-B01B-0C620BAB98FD}.Debug|Any CPU.Build.0 = Debug|Any CPU
		{C799CEC3-7FEF-404A-B01B-0C620BAB98FD}.Debug|ARM.ActiveCfg = Debug|Any CPU
		{C799CEC3-7FEF-404A-B01B-0C620BAB98FD}.Debug|Mixed Platforms.ActiveCfg = Debug|Any CPU
		{C799CEC3-7FEF-404A-B01B-0C620BAB98FD}.Debug|Mixed Platforms.Build.0 = Debug|Any CPU
		{C799CEC3-7FEF-404A-B01B-0C620BAB98FD}.Debug|x64.ActiveCfg = Debug|Any CPU
		{C799CEC3-7FEF-404A-B01B-0C620BAB98FD}.Debug|x86.ActiveCfg = Debug|Any CPU
		{C799CEC3-7FEF-404A-B01B-0C620BAB98FD}.Release|Any CPU.ActiveCfg = Release|Any CPU
		{C799CEC3-7FEF-404A-B01B-0C620BAB98FD}.Release|Any CPU.Build.0 = Release|Any CPU
		{C799CEC3-7FEF-404A-B01B-0C620BAB98FD}.Release|ARM.ActiveCfg = Release|Any CPU
		{C799CEC3-7FEF-404A-B01B-0C620BAB98FD}.Release|Mixed Platforms.ActiveCfg = Release|Any CPU
		{C799CEC3-7FEF-404A-B01B-0C620BAB98FD}.Release|Mixed Platforms.Build.0 = Release|Any CPU
		{C799CEC3-7FEF-404A-B01B-0C620BAB98FD}.Release|x64.ActiveCfg = Release|Any CPU
		{C799CEC3-7FEF-404A-B01B-0C620BAB98FD}.Release|x86.ActiveCfg = Release|Any CPU
		{1878FA40-B289-45DA-977C-89A70179494F}.Debug|Any CPU.ActiveCfg = Debug|Any CPU
		{1878FA40-B289-45DA-977C-89A70179494F}.Debug|Any CPU.Build.0 = Debug|Any CPU
		{1878FA40-B289-45DA-977C-89A70179494F}.Debug|ARM.ActiveCfg = Debug|Any CPU
		{1878FA40-B289-45DA-977C-89A70179494F}.Debug|Mixed Platforms.ActiveCfg = Debug|Any CPU
		{1878FA40-B289-45DA-977C-89A70179494F}.Debug|Mixed Platforms.Build.0 = Debug|Any CPU
		{1878FA40-B289-45DA-977C-89A70179494F}.Debug|x64.ActiveCfg = Debug|Any CPU
		{1878FA40-B289-45DA-977C-89A70179494F}.Debug|x86.ActiveCfg = Debug|Any CPU
		{1878FA40-B289-45DA-977C-89A70179494F}.Release|Any CPU.ActiveCfg = Release|Any CPU
		{1878FA40-B289-45DA-977C-89A70179494F}.Release|Any CPU.Build.0 = Release|Any CPU
		{1878FA40-B289-45DA-977C-89A70179494F}.Release|ARM.ActiveCfg = Release|Any CPU
		{1878FA40-B289-45DA-977C-89A70179494F}.Release|Mixed Platforms.ActiveCfg = Release|Any CPU
		{1878FA40-B289-45DA-977C-89A70179494F}.Release|Mixed Platforms.Build.0 = Release|Any CPU
		{1878FA40-B289-45DA-977C-89A70179494F}.Release|x64.ActiveCfg = Release|Any CPU
		{1878FA40-B289-45DA-977C-89A70179494F}.Release|x86.ActiveCfg = Release|Any CPU
		{FA06E52C-1D89-4CC5-B874-80359E94701B}.Debug|Any CPU.ActiveCfg = Debug|Any CPU
		{FA06E52C-1D89-4CC5-B874-80359E94701B}.Debug|Any CPU.Build.0 = Debug|Any CPU
		{FA06E52C-1D89-4CC5-B874-80359E94701B}.Debug|ARM.ActiveCfg = Debug|Any CPU
		{FA06E52C-1D89-4CC5-B874-80359E94701B}.Debug|Mixed Platforms.ActiveCfg = Debug|Any CPU
		{FA06E52C-1D89-4CC5-B874-80359E94701B}.Debug|Mixed Platforms.Build.0 = Debug|Any CPU
		{FA06E52C-1D89-4CC5-B874-80359E94701B}.Debug|x64.ActiveCfg = Debug|Any CPU
		{FA06E52C-1D89-4CC5-B874-80359E94701B}.Debug|x86.ActiveCfg = Debug|Any CPU
		{FA06E52C-1D89-4CC5-B874-80359E94701B}.Release|Any CPU.ActiveCfg = Release|Any CPU
		{FA06E52C-1D89-4CC5-B874-80359E94701B}.Release|Any CPU.Build.0 = Release|Any CPU
		{FA06E52C-1D89-4CC5-B874-80359E94701B}.Release|ARM.ActiveCfg = Release|Any CPU
		{FA06E52C-1D89-4CC5-B874-80359E94701B}.Release|Mixed Platforms.ActiveCfg = Release|Any CPU
		{FA06E52C-1D89-4CC5-B874-80359E94701B}.Release|Mixed Platforms.Build.0 = Release|Any CPU
		{FA06E52C-1D89-4CC5-B874-80359E94701B}.Release|x64.ActiveCfg = Release|Any CPU
		{FA06E52C-1D89-4CC5-B874-80359E94701B}.Release|x86.ActiveCfg = Release|Any CPU
		{B51C89BB-F797-4B48-80B2-087A8323AE87}.Debug|Any CPU.ActiveCfg = Debug|Any CPU
		{B51C89BB-F797-4B48-80B2-087A8323AE87}.Debug|Any CPU.Build.0 = Debug|Any CPU
		{B51C89BB-F797-4B48-80B2-087A8323AE87}.Debug|ARM.ActiveCfg = Debug|Any CPU
		{B51C89BB-F797-4B48-80B2-087A8323AE87}.Debug|Mixed Platforms.ActiveCfg = Debug|Any CPU
		{B51C89BB-F797-4B48-80B2-087A8323AE87}.Debug|Mixed Platforms.Build.0 = Debug|Any CPU
		{B51C89BB-F797-4B48-80B2-087A8323AE87}.Debug|x64.ActiveCfg = Debug|Any CPU
		{B51C89BB-F797-4B48-80B2-087A8323AE87}.Debug|x86.ActiveCfg = Debug|Any CPU
		{B51C89BB-F797-4B48-80B2-087A8323AE87}.Release|Any CPU.ActiveCfg = Release|Any CPU
		{B51C89BB-F797-4B48-80B2-087A8323AE87}.Release|Any CPU.Build.0 = Release|Any CPU
		{B51C89BB-F797-4B48-80B2-087A8323AE87}.Release|ARM.ActiveCfg = Release|Any CPU
		{B51C89BB-F797-4B48-80B2-087A8323AE87}.Release|Mixed Platforms.ActiveCfg = Release|Any CPU
		{B51C89BB-F797-4B48-80B2-087A8323AE87}.Release|Mixed Platforms.Build.0 = Release|Any CPU
		{B51C89BB-F797-4B48-80B2-087A8323AE87}.Release|x64.ActiveCfg = Release|Any CPU
		{B51C89BB-F797-4B48-80B2-087A8323AE87}.Release|x86.ActiveCfg = Release|Any CPU
		{43AE8AE4-5ECD-41F0-8AD4-9F4F092F7EAE}.Debug|Any CPU.ActiveCfg = Debug|Any CPU
		{43AE8AE4-5ECD-41F0-8AD4-9F4F092F7EAE}.Debug|Any CPU.Build.0 = Debug|Any CPU
		{43AE8AE4-5ECD-41F0-8AD4-9F4F092F7EAE}.Debug|ARM.ActiveCfg = Debug|Any CPU
		{43AE8AE4-5ECD-41F0-8AD4-9F4F092F7EAE}.Debug|Mixed Platforms.ActiveCfg = Debug|Any CPU
		{43AE8AE4-5ECD-41F0-8AD4-9F4F092F7EAE}.Debug|Mixed Platforms.Build.0 = Debug|Any CPU
		{43AE8AE4-5ECD-41F0-8AD4-9F4F092F7EAE}.Debug|x64.ActiveCfg = Debug|Any CPU
		{43AE8AE4-5ECD-41F0-8AD4-9F4F092F7EAE}.Debug|x86.ActiveCfg = Debug|Any CPU
		{43AE8AE4-5ECD-41F0-8AD4-9F4F092F7EAE}.Release|Any CPU.ActiveCfg = Release|Any CPU
		{43AE8AE4-5ECD-41F0-8AD4-9F4F092F7EAE}.Release|Any CPU.Build.0 = Release|Any CPU
		{43AE8AE4-5ECD-41F0-8AD4-9F4F092F7EAE}.Release|ARM.ActiveCfg = Release|Any CPU
		{43AE8AE4-5ECD-41F0-8AD4-9F4F092F7EAE}.Release|Mixed Platforms.ActiveCfg = Release|Any CPU
		{43AE8AE4-5ECD-41F0-8AD4-9F4F092F7EAE}.Release|Mixed Platforms.Build.0 = Release|Any CPU
		{43AE8AE4-5ECD-41F0-8AD4-9F4F092F7EAE}.Release|x64.ActiveCfg = Release|Any CPU
		{43AE8AE4-5ECD-41F0-8AD4-9F4F092F7EAE}.Release|x86.ActiveCfg = Release|Any CPU
		{A67BD1E7-4BF3-4B28-ACD0-AFC364F67CBB}.Debug|Any CPU.ActiveCfg = Debug|x86
		{A67BD1E7-4BF3-4B28-ACD0-AFC364F67CBB}.Debug|ARM.ActiveCfg = Debug|x86
		{A67BD1E7-4BF3-4B28-ACD0-AFC364F67CBB}.Debug|Mixed Platforms.ActiveCfg = Debug|x86
		{A67BD1E7-4BF3-4B28-ACD0-AFC364F67CBB}.Debug|Mixed Platforms.Build.0 = Debug|x86
		{A67BD1E7-4BF3-4B28-ACD0-AFC364F67CBB}.Debug|x64.ActiveCfg = Debug|x86
		{A67BD1E7-4BF3-4B28-ACD0-AFC364F67CBB}.Debug|x86.ActiveCfg = Debug|x86
		{A67BD1E7-4BF3-4B28-ACD0-AFC364F67CBB}.Debug|x86.Build.0 = Debug|x86
		{A67BD1E7-4BF3-4B28-ACD0-AFC364F67CBB}.Release|Any CPU.ActiveCfg = Release|x86
		{A67BD1E7-4BF3-4B28-ACD0-AFC364F67CBB}.Release|ARM.ActiveCfg = Release|x86
		{A67BD1E7-4BF3-4B28-ACD0-AFC364F67CBB}.Release|Mixed Platforms.ActiveCfg = Release|x86
		{A67BD1E7-4BF3-4B28-ACD0-AFC364F67CBB}.Release|Mixed Platforms.Build.0 = Release|x86
		{A67BD1E7-4BF3-4B28-ACD0-AFC364F67CBB}.Release|x64.ActiveCfg = Release|x86
		{A67BD1E7-4BF3-4B28-ACD0-AFC364F67CBB}.Release|x86.ActiveCfg = Release|x86
		{A67BD1E7-4BF3-4B28-ACD0-AFC364F67CBB}.Release|x86.Build.0 = Release|x86
		{D137C3D8-4356-4253-AF49-9A5636C6B636}.Debug|Any CPU.ActiveCfg = Debug|Any CPU
		{D137C3D8-4356-4253-AF49-9A5636C6B636}.Debug|Any CPU.Build.0 = Debug|Any CPU
		{D137C3D8-4356-4253-AF49-9A5636C6B636}.Debug|ARM.ActiveCfg = Debug|Any CPU
		{D137C3D8-4356-4253-AF49-9A5636C6B636}.Debug|Mixed Platforms.ActiveCfg = Debug|Any CPU
		{D137C3D8-4356-4253-AF49-9A5636C6B636}.Debug|Mixed Platforms.Build.0 = Debug|Any CPU
		{D137C3D8-4356-4253-AF49-9A5636C6B636}.Debug|x64.ActiveCfg = Debug|Any CPU
		{D137C3D8-4356-4253-AF49-9A5636C6B636}.Debug|x86.ActiveCfg = Debug|Any CPU
		{D137C3D8-4356-4253-AF49-9A5636C6B636}.Release|Any CPU.ActiveCfg = Release|Any CPU
		{D137C3D8-4356-4253-AF49-9A5636C6B636}.Release|Any CPU.Build.0 = Release|Any CPU
		{D137C3D8-4356-4253-AF49-9A5636C6B636}.Release|ARM.ActiveCfg = Release|Any CPU
		{D137C3D8-4356-4253-AF49-9A5636C6B636}.Release|Mixed Platforms.ActiveCfg = Release|Any CPU
		{D137C3D8-4356-4253-AF49-9A5636C6B636}.Release|Mixed Platforms.Build.0 = Release|Any CPU
		{D137C3D8-4356-4253-AF49-9A5636C6B636}.Release|x64.ActiveCfg = Release|Any CPU
		{D137C3D8-4356-4253-AF49-9A5636C6B636}.Release|x86.ActiveCfg = Release|Any CPU
	EndGlobalSection
	GlobalSection(SolutionProperties) = preSolution
		HideSolutionNode = FALSE
	EndGlobalSection
EndGlobal
